
Microsoft Visual Studio Solution File, Format Version 12.00
# Visual Studio Version 17
VisualStudioVersion = 17.8.34408.163
MinimumVisualStudioVersion = 10.0.40219.1
Project("{FAE04EC0-301F-11D3-BF4B-00C04F79EFBC}") = "Hotel_Management", "Hotel_Management\Hotel_Management.csproj", "{C818981C-30B3-4EAD-9227-00597E871183}"
EndProject
Global
	GlobalSection(SolutionConfigurationPlatforms) = preSolution
		Debug|Any CPU = Debug|Any CPU
		Release|Any CPU = Release|Any CPU
	EndGlobalSection
	GlobalSection(ProjectConfigurationPlatforms) = postSolution
		{C818981C-30B3-4EAD-9227-00597E871183}.Debug|Any CPU.ActiveCfg = Debug|Any CPU
		{C818981C-30B3-4EAD-9227-00597E871183}.Debug|Any CPU.Build.0 = Debug|Any CPU
		{C818981C-30B3-4EAD-9227-00597E871183}.Release|Any CPU.ActiveCfg = Release|Any CPU
		{C818981C-30B3-4EAD-9227-00597E871183}.Release|Any CPU.Build.0 = Release|Any CPU
	EndGlobalSection
	GlobalSection(SolutionProperties) = preSolution
		HideSolutionNode = FALSE
	EndGlobalSection
	GlobalSection(ExtensibilityGlobals) = postSolution
		SolutionGuid = {7F3CACDF-D012-48E6-A486-7D41D34F0937}
	EndGlobalSection
EndGlobal
